{
  "nodes": {
    "nix-darwin": {
      "inputs": {
        "nixpkgs": [
          "nixpkgs"
        ]
      },
      "locked": {
        "lastModified": 1691640097,
        "narHash": "sha256-6vPsJYjtt2hs4mkiR46yt8c/Spdm/UiUKoSCIlc7iJw=",
        "owner": "lnl7",
        "repo": "nix-darwin",
        "rev": "426d38710b656b0a31f8eaae6e0002206a3b96d7",
        "type": "github"
      },
      "original": {
        "owner": "lnl7",
        "repo": "nix-darwin",
        "type": "github"
      }
    },
    "nixpkgs": {
      "locked": {
        "lastModified": 1691831739,
        "narHash": "sha256-6e12VCvA7jOjhzJ1adLiUV1GTPXGBcCfhggsDwiuNB4=",
        "owner": "NixOS",
        "repo": "nixpkgs",
        "rev": "3fe694c4156b84dac12627685c7ae592a71e2206",
        "type": "github"
      },
      "original": {
        "owner": "NixOS",
        "ref": "nixpkgs-23.05-darwin",
        "repo": "nixpkgs",
        "type": "github"
      }
    },
    "nixpkgs-darwin": {
      "locked": {
        "lastModified": 1691831739,
        "narHash": "sha256-6e12VCvA7jOjhzJ1adLiUV1GTPXGBcCfhggsDwiuNB4=",
        "owner": "NixOS",
        "repo": "nixpkgs",
        "rev": "3fe694c4156b84dac12627685c7ae592a71e2206",
        "type": "github"
      },
      "original": {
        "owner": "NixOS",
        "ref": "nixpkgs-23.05-darwin",
        "repo": "nixpkgs",
        "type": "github"
      }
    },
    "nixpkgs-unstable": {
      "locked": {
        "lastModified": 1691853136,
        "narHash": "sha256-wTzDsRV4HN8A2Sl0SVQY0q8ILs90CD43Ha//7gNZE+E=",
        "owner": "nixos",
        "repo": "nixpkgs",
        "rev": "f0451844bbdf545f696f029d1448de4906c7f753",
        "type": "github"
      },
      "original": {
        "owner": "nixos",
        "ref": "nixpkgs-unstable",
        "repo": "nixpkgs",
        "type": "github"
      }
    },
    "root": {
      "inputs": {
        "nix-darwin": "nix-darwin",
        "nixpkgs": "nixpkgs",
        "nixpkgs-darwin": "nixpkgs-darwin",
        "nixpkgs-unstable": "nixpkgs-unstable"
      }
    }
  },
  "root": "root",
  "version": 7
}
