{
  "nodes": {
    "nixos-hardware": {
      "locked": {
        "lastModified": 1729742320,
        "narHash": "sha256-u3Of8xRkN//me8PU+RucKA59/6RNy4B2jcGAF36P4jI=",
        "owner": "NixOS",
        "repo": "nixos-hardware",
        "rev": "e8a2f6d5513fe7b7d15701b2d05404ffdc3b6dda",
        "type": "github"
      },
      "original": {
        "owner": "NixOS",
        "repo": "nixos-hardware",
        "type": "github"
      }
    },
    "nixpkgs": {
      "locked": {
        "lastModified": 1729691686,
        "narHash": "sha256-BAuPWW+9fa1moZTU+jFh+1cUtmsuF8asgzFwejM4wac=",
        "owner": "NixOS",
        "repo": "nixpkgs",
        "rev": "32e940c7c420600ef0d1ef396dc63b04ee9cad37",
        "type": "github"
      },
      "original": {
        "id": "nixpkgs",
        "ref": "nixos-24.05",
        "type": "indirect"
      }
    },
    "root": {
      "inputs": {
        "nixos-hardware": "nixos-hardware",
        "nixpkgs": "nixpkgs"
      }
    }
  },
  "root": "root",
  "version": 7
}
